{
  "version": 4,
  "terraform_version": "1.5.0",
  "serial": 37,
  "lineage": "8d9e7b11-9695-48fb-c7c6-0346cf14827f",
  "outputs": {
    "data_factory_name": {
      "value": "adentfdatafactory",
      "type": "string"
    },
    "databricks_name": {
      "value": "adentfdatabricks",
      "type": "string"
    },
    "resource_group_name": {
      "value": "tf-lab",
      "type": "string"
    },
    "sql_db_name": {
      "value": "adentfsqldb",
      "type": "string"
    }
  },
  "resources": [
    {
      "mode": "managed",
      "type": "azurerm_data_factory",
      "name": "adf",
      "provider": "provider[\"registry.terraform.io/hashicorp/azurerm\"]",
      "instances": [
        {
          "schema_version": 2,
          "attributes": {
            "customer_managed_key_id": "",
            "github_configuration": [],
            "global_parameter": [],
            "id": "/subscriptions/a4c81412-9cb9-4d76-aaa7-14f85696678a/resourceGroups/tf-lab/providers/Microsoft.DataFactory/factories/adentfdatafactory",
            "identity": [],
            "location": "northeurope",
            "managed_virtual_network_enabled": false,
            "name": "adentfdatafactory",
            "public_network_enabled": true,
            "resource_group_name": "tf-lab",
            "tags": null,
            "timeouts": null,
            "vsts_configuration": []
          },
          "sensitive_attributes": [],
          "private": "eyJlMmJmYjczMC1lY2FhLTExZTYtOGY4OC0zNDM2M2JjN2M0YzAiOnsiY3JlYXRlIjoxODAwMDAwMDAwMDAwLCJkZWxldGUiOjE4MDAwMDAwMDAwMDAsInJlYWQiOjMwMDAwMDAwMDAwMCwidXBkYXRlIjoxODAwMDAwMDAwMDAwfSwic2NoZW1hX3ZlcnNpb24iOiIyIn0=",
          "dependencies": [
            "azurerm_resource_group.rg"
          ]
        }
      ]
    },
    {
      "mode": "managed",
      "type": "azurerm_databricks_workspace",
      "name": "databricks",
      "provider": "provider[\"registry.terraform.io/hashicorp/azurerm\"]",
      "instances": [
        {
          "schema_version": 0,
          "attributes": {
            "custom_parameters": [
              {
                "machine_learning_workspace_id": "",
                "nat_gateway_name": "nat-gateway",
                "no_public_ip": false,
                "private_subnet_name": "",
                "private_subnet_network_security_group_association_id": "",
                "public_ip_name": "nat-gw-public-ip",
                "public_subnet_name": "",
                "public_subnet_network_security_group_association_id": "",
                "storage_account_name": "dbstorageci5h2qou3ih3k",
                "storage_account_sku_name": "Standard_GRS",
                "virtual_network_id": "",
                "vnet_address_prefix": "10.139"
              }
            ],
            "customer_managed_key_enabled": false,
            "id": "/subscriptions/a4c81412-9cb9-4d76-aaa7-14f85696678a/resourceGroups/tf-lab/providers/Microsoft.Databricks/workspaces/adentfdatabricks",
            "infrastructure_encryption_enabled": false,
            "load_balancer_backend_address_pool_id": "",
            "location": "northeurope",
            "managed_resource_group_id": "/subscriptions/a4c81412-9cb9-4d76-aaa7-14f85696678a/resourceGroups/databricks-rg-tf-lab",
            "managed_resource_group_name": "databricks-rg-tf-lab",
            "managed_services_cmk_key_vault_key_id": null,
            "name": "adentfdatabricks",
            "network_security_group_rules_required": null,
            "public_network_access_enabled": true,
            "resource_group_name": "tf-lab",
            "sku": "standard",
            "storage_account_identity": [],
            "tags": null,
            "timeouts": null,
            "workspace_id": "8220713401403348",
            "workspace_url": "adb-8220713401403348.8.azuredatabricks.net"
          },
          "sensitive_attributes": [],
          "private": "eyJlMmJmYjczMC1lY2FhLTExZTYtOGY4OC0zNDM2M2JjN2M0YzAiOnsiY3JlYXRlIjoxODAwMDAwMDAwMDAwLCJkZWxldGUiOjE4MDAwMDAwMDAwMDAsInJlYWQiOjMwMDAwMDAwMDAwMCwidXBkYXRlIjoxODAwMDAwMDAwMDAwfX0=",
          "dependencies": [
            "azurerm_resource_group.rg"
          ]
        }
      ]
    },
    {
      "mode": "managed",
      "type": "azurerm_mssql_server",
      "name": "sqlserver",
      "provider": "provider[\"registry.terraform.io/hashicorp/azurerm\"]",
      "instances": [
        {
          "schema_version": 0,
          "attributes": {
            "administrator_login": "adminuser",
            "administrator_login_password": "Password1234!",
            "azuread_administrator": [],
            "connection_policy": "Default",
            "extended_auditing_policy": [],
            "foo": [],
            "fully_qualified_domain_name": "adentfsqlserver.database.windows.net",
            "id": "/subscriptions/a4c81412-9cb9-4d76-aaa7-14f85696678a/resourceGroups/tf-lab/providers/Microsoft.Sql/servers/adentfsqlserver",
            "identity": [],
            "location": "northeurope",
            "minimum_tls_version": "1.2",
            "name": "adentfsqlserver",
            "outbound_network_restriction_enabled": false,
            "primary_user_assigned_identity_id": "",
            "public_network_access_enabled": true,
            "resource_group_name": "tf-lab",
            "restorable_dropped_database_ids": [],
            "tags": null,
            "timeouts": null,
            "version": "12.0"
          },
          "sensitive_attributes": [],
          "private": "eyJlMmJmYjczMC1lY2FhLTExZTYtOGY4OC0zNDM2M2JjN2M0YzAiOnsiY3JlYXRlIjozNjAwMDAwMDAwMDAwLCJkZWxldGUiOjM2MDAwMDAwMDAwMDAsInJlYWQiOjMwMDAwMDAwMDAwMCwidXBkYXRlIjozNjAwMDAwMDAwMDAwfX0=",
          "dependencies": [
            "azurerm_resource_group.rg"
          ]
        }
      ]
    },
    {
      "mode": "managed",
      "type": "azurerm_resource_group",
      "name": "rg",
      "provider": "provider[\"registry.terraform.io/hashicorp/azurerm\"]",
      "instances": [
        {
          "schema_version": 0,
          "attributes": {
            "id": "/subscriptions/a4c81412-9cb9-4d76-aaa7-14f85696678a/resourceGroups/tf-lab",
            "location": "northeurope",
            "name": "tf-lab",
            "tags": {},
            "timeouts": {
              "create": null,
              "delete": null,
              "read": null,
              "update": null
            }
          },
          "sensitive_attributes": [],
          "private": "eyJlMmJmYjczMC1lY2FhLTExZTYtOGY4OC0zNDM2M2JjN2M0YzAiOnsiY3JlYXRlIjo1NDAwMDAwMDAwMDAwLCJkZWxldGUiOjU0MDAwMDAwMDAwMDAsInJlYWQiOjMwMDAwMDAwMDAwMCwidXBkYXRlIjo1NDAwMDAwMDAwMDAwfSwic2NoZW1hX3ZlcnNpb24iOiIwIn0="
        }
      ]
    },
    {
      "mode": "managed",
      "type": "azurerm_sql_database",
      "name": "sqldb",
      "provider": "provider[\"registry.terraform.io/hashicorp/azurerm\"]",
      "instances": [
        {
          "schema_version": 0,
          "attributes": {
            "collation": "SQL_Latin1_General_CP1_CI_AS",
            "create_mode": "Default",
            "creation_date": "2023-06-21T22:38:53.48Z",
            "default_secondary_location": "West Europe",
            "edition": "GeneralPurpose",
            "elastic_pool_name": "",
            "encryption": "",
            "extended_auditing_policy": [],
            "id": "/subscriptions/a4c81412-9cb9-4d76-aaa7-14f85696678a/resourceGroups/tf-lab/providers/Microsoft.Sql/servers/adentfsqlserver/databases/adentfsqldb",
            "import": [],
            "location": "northeurope",
            "max_size_bytes": "34359738368",
            "max_size_gb": null,
            "name": "adentfsqldb",
            "read_scale": false,
            "requested_service_objective_id": "f21733ad-9b9b-4d4e-a4fa-94a133c41718",
            "requested_service_objective_name": "GP_Gen5_2",
            "resource_group_name": "tf-lab",
            "restore_point_in_time": null,
            "server_name": "adentfsqlserver",
            "source_database_deletion_date": null,
            "source_database_id": null,
            "tags": null,
            "threat_detection_policy": [
              {
                "disabled_alerts": [],
                "email_account_admins": "Disabled",
                "email_addresses": [],
                "retention_days": 0,
                "state": "Disabled",
                "storage_account_access_key": "",
                "storage_endpoint": "",
                "use_server_default": "Disabled"
              }
            ],
            "timeouts": null,
            "zone_redundant": false
          },
          "sensitive_attributes": [],
          "private": "eyJlMmJmYjczMC1lY2FhLTExZTYtOGY4OC0zNDM2M2JjN2M0YzAiOnsiY3JlYXRlIjozNjAwMDAwMDAwMDAwLCJkZWxldGUiOjM2MDAwMDAwMDAwMDAsInJlYWQiOjMwMDAwMDAwMDAwMCwidXBkYXRlIjozNjAwMDAwMDAwMDAwfX0=",
          "dependencies": [
            "azurerm_mssql_server.sqlserver",
            "azurerm_resource_group.rg"
          ]
        }
      ]
    },
    {
      "mode": "managed",
      "type": "azurerm_storage_account",
      "name": "storage",
      "provider": "provider[\"registry.terraform.io/hashicorp/azurerm\"]",
      "instances": [
        {
          "schema_version": 2,
          "attributes": {
            "access_tier": "Hot",
            "account_kind": "StorageV2",
            "account_replication_type": "LRS",
            "account_tier": "Standard",
            "allow_blob_public_access": false,
            "azure_files_authentication": [],
            "blob_properties": [
              {
                "change_feed_enabled": false,
                "container_delete_retention_policy": [],
                "cors_rule": [],
                "default_service_version": "",
                "delete_retention_policy": [],
                "last_access_time_enabled": false,
                "versioning_enabled": false
              }
            ],
            "custom_domain": [],
            "customer_managed_key": [],
            "enable_https_traffic_only": true,
            "id": "/subscriptions/a4c81412-9cb9-4d76-aaa7-14f85696678a/resourceGroups/tf-lab/providers/Microsoft.Storage/storageAccounts/adentfstorageaccount",
            "identity": [],
            "infrastructure_encryption_enabled": false,
            "is_hns_enabled": false,
            "large_file_share_enabled": null,
            "location": "northeurope",
            "min_tls_version": "TLS1_0",
            "name": "adentfstorageaccount",
            "network_rules": [
              {
                "bypass": [
                  "AzureServices"
                ],
                "default_action": "Allow",
                "ip_rules": [],
                "private_link_access": [],
                "virtual_network_subnet_ids": []
              }
            ],
            "nfsv3_enabled": false,
            "primary_access_key": "GSSh9ibgKoSzHRR6iUL14upM4be5KUEVOPy/jmqez67niLfjhbZiyRWq6XoZDodqtYQR4Q4xxh+F+ASt5IVBew==",
            "primary_blob_connection_string": "DefaultEndpointsProtocol=https;BlobEndpoint=https://adentfstorageaccount.blob.core.windows.net/;AccountName=adentfstorageaccount;AccountKey=GSSh9ibgKoSzHRR6iUL14upM4be5KUEVOPy/jmqez67niLfjhbZiyRWq6XoZDodqtYQR4Q4xxh+F+ASt5IVBew==",
            "primary_blob_endpoint": "https://adentfstorageaccount.blob.core.windows.net/",
            "primary_blob_host": "adentfstorageaccount.blob.core.windows.net",
            "primary_connection_string": "DefaultEndpointsProtocol=https;AccountName=adentfstorageaccount;AccountKey=GSSh9ibgKoSzHRR6iUL14upM4be5KUEVOPy/jmqez67niLfjhbZiyRWq6XoZDodqtYQR4Q4xxh+F+ASt5IVBew==;EndpointSuffix=core.windows.net",
            "primary_dfs_endpoint": "https://adentfstorageaccount.dfs.core.windows.net/",
            "primary_dfs_host": "adentfstorageaccount.dfs.core.windows.net",
            "primary_file_endpoint": "https://adentfstorageaccount.file.core.windows.net/",
            "primary_file_host": "adentfstorageaccount.file.core.windows.net",
            "primary_location": "northeurope",
            "primary_queue_endpoint": "https://adentfstorageaccount.queue.core.windows.net/",
            "primary_queue_host": "adentfstorageaccount.queue.core.windows.net",
            "primary_table_endpoint": "https://adentfstorageaccount.table.core.windows.net/",
            "primary_table_host": "adentfstorageaccount.table.core.windows.net",
            "primary_web_endpoint": "https://adentfstorageaccount.z16.web.core.windows.net/",
            "primary_web_host": "adentfstorageaccount.z16.web.core.windows.net",
            "queue_encryption_key_type": "Service",
            "queue_properties": [
              {
                "cors_rule": [],
                "hour_metrics": [
                  {
                    "enabled": true,
                    "include_apis": true,
                    "retention_policy_days": 7,
                    "version": "1.0"
                  }
                ],
                "logging": [
                  {
                    "delete": false,
                    "read": false,
                    "retention_policy_days": 0,
                    "version": "1.0",
                    "write": false
                  }
                ],
                "minute_metrics": [
                  {
                    "enabled": false,
                    "include_apis": false,
                    "retention_policy_days": 0,
                    "version": "1.0"
                  }
                ]
              }
            ],
            "resource_group_name": "tf-lab",
            "routing": [],
            "secondary_access_key": "3zAoeVpEjzbOqP61KhZbPIVKHpYx93fGy3gsQDMPdukf6zqxDoOw0fgcx+ozHO6P//Fl+V0xlhFA+AStxe1Dkw==",
            "secondary_blob_connection_string": "",
            "secondary_blob_endpoint": null,
            "secondary_blob_host": null,
            "secondary_connection_string": "DefaultEndpointsProtocol=https;AccountName=adentfstorageaccount;AccountKey=3zAoeVpEjzbOqP61KhZbPIVKHpYx93fGy3gsQDMPdukf6zqxDoOw0fgcx+ozHO6P//Fl+V0xlhFA+AStxe1Dkw==;EndpointSuffix=core.windows.net",
            "secondary_dfs_endpoint": null,
            "secondary_dfs_host": null,
            "secondary_file_endpoint": null,
            "secondary_file_host": null,
            "secondary_location": "",
            "secondary_queue_endpoint": null,
            "secondary_queue_host": null,
            "secondary_table_endpoint": null,
            "secondary_table_host": null,
            "secondary_web_endpoint": null,
            "secondary_web_host": null,
            "share_properties": [
              {
                "cors_rule": [],
                "retention_policy": [
                  {
                    "days": 7
                  }
                ],
                "smb": []
              }
            ],
            "shared_access_key_enabled": true,
            "static_website": [],
            "table_encryption_key_type": "Service",
            "tags": null,
            "timeouts": null
          },
          "sensitive_attributes": [],
          "private": "eyJlMmJmYjczMC1lY2FhLTExZTYtOGY4OC0zNDM2M2JjN2M0YzAiOnsiY3JlYXRlIjozNjAwMDAwMDAwMDAwLCJkZWxldGUiOjM2MDAwMDAwMDAwMDAsInJlYWQiOjMwMDAwMDAwMDAwMCwidXBkYXRlIjozNjAwMDAwMDAwMDAwfSwic2NoZW1hX3ZlcnNpb24iOiIyIn0=",
          "dependencies": [
            "azurerm_resource_group.rg"
          ]
        }
      ]
    },
    {
      "mode": "managed",
      "type": "random_pet",
      "name": "rg_name",
      "provider": "provider[\"registry.terraform.io/hashicorp/random\"]",
      "instances": [
        {
          "schema_version": 0,
          "attributes": {
            "id": "rg-crucial-gelding",
            "keepers": null,
            "length": 2,
            "prefix": "rg",
            "separator": "-"
          },
          "sensitive_attributes": []
        }
      ]
    }
  ],
  "check_results": null
}
